// !$*UTF8*$!
{
	archiveVersion = 1;
	classes = {
	};
	objectVersion = 54;
	objects = {

/* Begin PBXBuildFile section */
		0648E9D398954632B92AD825 /* NotoSansDevanagari_Condensed-ExtraBold.ttf in Resources */ = {isa = PBXBuildFile; fileRef = 93108F19109746BC87BC32BC /* NotoSansDevanagari_Condensed-ExtraBold.ttf */; };
		09A2B0771AD34E5C9C80D8C4 /* NotoSansDevanagari_Condensed-Thin.ttf in Resources */ = {isa = PBXBuildFile; fileRef = F6A966F4D73645878D3BCAAE /* NotoSansDevanagari_Condensed-Thin.ttf */; };
		0C80B921A6F3F58F76C31292 /* libPods-tourkokan.a in Frameworks */ = {isa = PBXBuildFile; fileRef = 5DCACB8F33CDC322A6C60F78 /* libPods-tourkokan.a */; };
		0CEC2105669E44808B97E2EC /* NotoSansDevanagari_ExtraCondensed-Light.ttf in Resources */ = {isa = PBXBuildFile; fileRef = D7BED75D49914E1497BFC681 /* NotoSansDevanagari_ExtraCondensed-Light.ttf */; };
		0E0DBC40A75B43769CC86A0D /* NotoSansDevanagari-Black.ttf in Resources */ = {isa = PBXBuildFile; fileRef = 083B10273FEB4C08A8082E1F /* NotoSansDevanagari-Black.ttf */; };
		13B07FBF1A68108700A75B9A /* Images.xcassets in Resources */ = {isa = PBXBuildFile; fileRef = 13B07FB51A68108700A75B9A /* Images.xcassets */; };
		17AC2F15A19D7ED247E79710 /* PrivacyInfo.xcprivacy in Resources */ = {isa = PBXBuildFile; fileRef = 13B07FB81A68108700A75B9A /* PrivacyInfo.xcprivacy */; };
		1A72E9B9194F4555B31494A2 /* NotoSansDevanagari-ExtraLight.ttf in Resources */ = {isa = PBXBuildFile; fileRef = 6F8F65D201124D0B919D5DCF /* NotoSansDevanagari-ExtraLight.ttf */; };
		30FE5E2B7D05452C9B3DCF53 /* NotoSansDevanagari_SemiCondensed-Black.ttf in Resources */ = {isa = PBXBuildFile; fileRef = 86880938021B4BBF820C4215 /* NotoSansDevanagari_SemiCondensed-Black.ttf */; };
		383844BC2D694F34A6F8048C /* NotoSansDevanagari_SemiCondensed-ExtraLight.ttf in Resources */ = {isa = PBXBuildFile; fileRef = DF06471821F94B1FB233F4E9 /* NotoSansDevanagari_SemiCondensed-ExtraLight.ttf */; };
		3B7BCCE42178463FB08FACCB /* NotoSansDevanagari_ExtraCondensed-Black.ttf in Resources */ = {isa = PBXBuildFile; fileRef = AD6FD6D2FCD84C2FA3AC6CE2 /* NotoSansDevanagari_ExtraCondensed-Black.ttf */; };
		45BF664C363846DAAE87DBB9 /* NotoSansDevanagari_Condensed-ExtraLight.ttf in Resources */ = {isa = PBXBuildFile; fileRef = F203C3D205FA477D83012110 /* NotoSansDevanagari_Condensed-ExtraLight.ttf */; };
		47CEFA54171848AC97D27B06 /* NotoSansDevanagari_SemiCondensed-Light.ttf in Resources */ = {isa = PBXBuildFile; fileRef = 1590181F78974343BF181891 /* NotoSansDevanagari_SemiCondensed-Light.ttf */; };
		4B9407F27FF84893A41C2BDE /* NotoSansDevanagari_SemiCondensed-Medium.ttf in Resources */ = {isa = PBXBuildFile; fileRef = 1FFC85634E9E4894A6753EFC /* NotoSansDevanagari_SemiCondensed-Medium.ttf */; };
		53B68638C9094D7FB4C2D492 /* NotoSansDevanagari-VariableFont_wdth,wght.ttf in Resources */ = {isa = PBXBuildFile; fileRef = DA58D76B66D944CFA93A8E38 /* NotoSansDevanagari-VariableFont_wdth,wght.ttf */; };
		5AB50C6E66914AD781ABE210 /* NotoSansDevanagari-Bold.ttf in Resources */ = {isa = PBXBuildFile; fileRef = 0C22E6041CB748C7AA604CB4 /* NotoSansDevanagari-Bold.ttf */; };
		5B3F0BCEAD69236EE75FC49F /* GoogleService-Info.plist in Resources */ = {isa = PBXBuildFile; fileRef = 9768E1F99D5FCA822BCCE154 /* GoogleService-Info.plist */; };
		65DC0939BF3145D3B1FD61E6 /* NotoSansDevanagari-ExtraBold.ttf in Resources */ = {isa = PBXBuildFile; fileRef = 7372FE8A0DD648F185BEACEC /* NotoSansDevanagari-ExtraBold.ttf */; };
		670204F42962456080457065 /* NotoSansDevanagari-SemiBold.ttf in Resources */ = {isa = PBXBuildFile; fileRef = 91F751803A714168BF61F94E /* NotoSansDevanagari-SemiBold.ttf */; };
		74EE870265F34FECB822E5CC /* NotoSansDevanagari_Condensed-Bold.ttf in Resources */ = {isa = PBXBuildFile; fileRef = B78821599AD04A71B30F6B7D /* NotoSansDevanagari_Condensed-Bold.ttf */; };
		761780ED2CA45674006654EE /* AppDelegate.swift in Sources */ = {isa = PBXBuildFile; fileRef = 761780EC2CA45674006654EE /* AppDelegate.swift */; };
		7DF4EEC7C9BA47178CE4D90D /* NotoSansDevanagari_SemiCondensed-ExtraBold.ttf in Resources */ = {isa = PBXBuildFile; fileRef = 2EED3FD904D845E38926E272 /* NotoSansDevanagari_SemiCondensed-ExtraBold.ttf */; };
		7EE0D952A569410C886AFF7C /* README.txt in Resources */ = {isa = PBXBuildFile; fileRef = 3643E8D897B54D7EB2FBBE31 /* README.txt */; };
		81AB9BB82411601600AC10FF /* LaunchScreen.storyboard in Resources */ = {isa = PBXBuildFile; fileRef = 81AB9BB72411601600AC10FF /* LaunchScreen.storyboard */; };
		9498F17FEE934D0CA3D8935E /* NotoSansDevanagari_SemiCondensed-Bold.ttf in Resources */ = {isa = PBXBuildFile; fileRef = 6D4EC241C4E8474EABA21F99 /* NotoSansDevanagari_SemiCondensed-Bold.ttf */; };
		99A55D2AFB9C4F14A55D5A7A /* NotoSansDevanagari_ExtraCondensed-Thin.ttf in Resources */ = {isa = PBXBuildFile; fileRef = B3DF0C9A87B84991A9A0EB8C /* NotoSansDevanagari_ExtraCondensed-Thin.ttf */; };
		AF91357FF14F41959BB1A0BE /* NotoSansDevanagari-Medium.ttf in Resources */ = {isa = PBXBuildFile; fileRef = D3761AEE0E6846F4AEB5A3DA /* NotoSansDevanagari-Medium.ttf */; };
		B4A4BB6B1D6247E386501943 /* NotoSansDevanagari-Thin.ttf in Resources */ = {isa = PBXBuildFile; fileRef = DF67FC3DFEC84552BDCC0C7D /* NotoSansDevanagari-Thin.ttf */; };
		B927B6DEEE8B47859EAF7501 /* NotoSansDevanagari_Condensed-Regular.ttf in Resources */ = {isa = PBXBuildFile; fileRef = 94077F69669947A895A8B1F3 /* NotoSansDevanagari_Condensed-Regular.ttf */; };
		BB4B10D84FBA423298F6B134 /* NotoSansDevanagari_ExtraCondensed-ExtraBold.ttf in Resources */ = {isa = PBXBuildFile; fileRef = 05E16A54EC594F7D8A7DA4A3 /* NotoSansDevanagari_ExtraCondensed-ExtraBold.ttf */; };
		BC5052C7035C43B18D0FAEEC /* NotoSansDevanagari-Light.ttf in Resources */ = {isa = PBXBuildFile; fileRef = 292C249477234472A3971D26 /* NotoSansDevanagari-Light.ttf */; };
		D0F15AE5897B4358927E4D67 /* NotoSansDevanagari_ExtraCondensed-SemiBold.ttf in Resources */ = {isa = PBXBuildFile; fileRef = DA1EE438CD5F4B44A68EECC6 /* NotoSansDevanagari_ExtraCondensed-SemiBold.ttf */; };
		D3084C68A57C4805BBC1B391 /* NotoSansDevanagari_Condensed-Black.ttf in Resources */ = {isa = PBXBuildFile; fileRef = EF1728C645D6415787C95C29 /* NotoSansDevanagari_Condensed-Black.ttf */; };
		D5E1FABE99B7474BA116ACDC /* NotoSansDevanagari_SemiCondensed-Regular.ttf in Resources */ = {isa = PBXBuildFile; fileRef = 317804B7F9E4411FAE7429F8 /* NotoSansDevanagari_SemiCondensed-Regular.ttf */; };
		D718CDA887C647F38C15559E /* NotoSansDevanagari_SemiCondensed-Thin.ttf in Resources */ = {isa = PBXBuildFile; fileRef = A14BCD0B56424EAB8A98C5A9 /* NotoSansDevanagari_SemiCondensed-Thin.ttf */; };
		D78FA82A9FC045399B9B81BD /* NotoSansDevanagari_Condensed-SemiBold.ttf in Resources */ = {isa = PBXBuildFile; fileRef = 5EE9E5DD6A644518BB9F12C5 /* NotoSansDevanagari_Condensed-SemiBold.ttf */; };
		DB2258DB30EF4F73A5D4ECD9 /* NotoSansDevanagari_ExtraCondensed-Regular.ttf in Resources */ = {isa = PBXBuildFile; fileRef = D37F8D5580184ECC9EBF85FC /* NotoSansDevanagari_ExtraCondensed-Regular.ttf */; };
		DCC8C3CDB019447CBEE47320 /* NotoSansDevanagari-Regular.ttf in Resources */ = {isa = PBXBuildFile; fileRef = 05FE2576F96948A3A4CF6942 /* NotoSansDevanagari-Regular.ttf */; };
		E7BD1DC7973F45509C499417 /* Pacifico-Regular.ttf in Resources */ = {isa = PBXBuildFile; fileRef = 8AC988A96A194E83BC2E3CDE /* Pacifico-Regular.ttf */; };
		EF0CEE1CD6E448219785D0A3 /* NotoSansDevanagari_Condensed-Light.ttf in Resources */ = {isa = PBXBuildFile; fileRef = 496D61FA4D284761BDDC881E /* NotoSansDevanagari_Condensed-Light.ttf */; };
		EF4426B8513044B28E4A1085 /* OFL.txt in Resources */ = {isa = PBXBuildFile; fileRef = DAC22DEE3D204A76A3FB015C /* OFL.txt */; };
		F1A509E2865E437393D6ED84 /* NotoSansDevanagari_SemiCondensed-SemiBold.ttf in Resources */ = {isa = PBXBuildFile; fileRef = F975E6A9253D402197A03E96 /* NotoSansDevanagari_SemiCondensed-SemiBold.ttf */; };
		F52003759454444B9378A983 /* NotoSansDevanagari_ExtraCondensed-Medium.ttf in Resources */ = {isa = PBXBuildFile; fileRef = D163D1738D804BC2A39E5FAE /* NotoSansDevanagari_ExtraCondensed-Medium.ttf */; };
		F73E351BEAC54090835D433E /* NotoSansDevanagari_ExtraCondensed-ExtraLight.ttf in Resources */ = {isa = PBXBuildFile; fileRef = B51B6197ECFC4E8582B8AA72 /* NotoSansDevanagari_ExtraCondensed-ExtraLight.ttf */; };
		FB1F6B8599A5439DADE0C6AE /* NotoSansDevanagari_Condensed-Medium.ttf in Resources */ = {isa = PBXBuildFile; fileRef = 9FF7E8C88D524A5092FB24D4 /* NotoSansDevanagari_Condensed-Medium.ttf */; };
		FFD613E0556D41BD92486AAB /* NotoSansDevanagari_ExtraCondensed-Bold.ttf in Resources */ = {isa = PBXBuildFile; fileRef = 74DFE38973324725B5D9B65E /* NotoSansDevanagari_ExtraCondensed-Bold.ttf */; };
/* End PBXBuildFile section */

/* Begin PBXFileReference section */
		05E16A54EC594F7D8A7DA4A3 /* NotoSansDevanagari_ExtraCondensed-ExtraBold.ttf */ = {isa = PBXFileReference; explicitFileType = undefined; fileEncoding = 9; includeInIndex = 0; lastKnownFileType = unknown; name = "NotoSansDevanagari_ExtraCondensed-ExtraBold.ttf"; path = "../src/Assets/Fonts/Noto_Sans_Devanagari/static/NotoSansDevanagari_ExtraCondensed-ExtraBold.ttf"; sourceTree = "<group>"; };
		05FE2576F96948A3A4CF6942 /* NotoSansDevanagari-Regular.ttf */ = {isa = PBXFileReference; explicitFileType = undefined; fileEncoding = 9; includeInIndex = 0; lastKnownFileType = unknown; name = "NotoSansDevanagari-Regular.ttf"; path = "../src/Assets/Fonts/Noto_Sans_Devanagari/static/NotoSansDevanagari-Regular.ttf"; sourceTree = "<group>"; };
		083B10273FEB4C08A8082E1F /* NotoSansDevanagari-Black.ttf */ = {isa = PBXFileReference; explicitFileType = undefined; fileEncoding = 9; includeInIndex = 0; lastKnownFileType = unknown; name = "NotoSansDevanagari-Black.ttf"; path = "../src/Assets/Fonts/Noto_Sans_Devanagari/static/NotoSansDevanagari-Black.ttf"; sourceTree = "<group>"; };
		0C22E6041CB748C7AA604CB4 /* NotoSansDevanagari-Bold.ttf */ = {isa = PBXFileReference; explicitFileType = undefined; fileEncoding = 9; includeInIndex = 0; lastKnownFileType = unknown; name = "NotoSansDevanagari-Bold.ttf"; path = "../src/Assets/Fonts/Noto_Sans_Devanagari/static/NotoSansDevanagari-Bold.ttf"; sourceTree = "<group>"; };
		13B07F961A680F5B00A75B9A /* tourkokan.app */ = {isa = PBXFileReference; explicitFileType = wrapper.application; includeInIndex = 0; path = tourkokan.app; sourceTree = BUILT_PRODUCTS_DIR; };
		13B07FB51A68108700A75B9A /* Images.xcassets */ = {isa = PBXFileReference; lastKnownFileType = folder.assetcatalog; name = Images.xcassets; path = tourkokan/Images.xcassets; sourceTree = "<group>"; };
		13B07FB61A68108700A75B9A /* Info.plist */ = {isa = PBXFileReference; fileEncoding = 4; lastKnownFileType = text.plist.xml; name = Info.plist; path = tourkokan/Info.plist; sourceTree = "<group>"; };
		13B07FB81A68108700A75B9A /* PrivacyInfo.xcprivacy */ = {isa = PBXFileReference; fileEncoding = 4; lastKnownFileType = text.plist.xml; name = PrivacyInfo.xcprivacy; path = tourkokan/PrivacyInfo.xcprivacy; sourceTree = "<group>"; };
		1590181F78974343BF181891 /* NotoSansDevanagari_SemiCondensed-Light.ttf */ = {isa = PBXFileReference; explicitFileType = undefined; fileEncoding = 9; includeInIndex = 0; lastKnownFileType = unknown; name = "NotoSansDevanagari_SemiCondensed-Light.ttf"; path = "../src/Assets/Fonts/Noto_Sans_Devanagari/static/NotoSansDevanagari_SemiCondensed-Light.ttf"; sourceTree = "<group>"; };
		1FFC85634E9E4894A6753EFC /* NotoSansDevanagari_SemiCondensed-Medium.ttf */ = {isa = PBXFileReference; explicitFileType = undefined; fileEncoding = 9; includeInIndex = 0; lastKnownFileType = unknown; name = "NotoSansDevanagari_SemiCondensed-Medium.ttf"; path = "../src/Assets/Fonts/Noto_Sans_Devanagari/static/NotoSansDevanagari_SemiCondensed-Medium.ttf"; sourceTree = "<group>"; };
		292C249477234472A3971D26 /* NotoSansDevanagari-Light.ttf */ = {isa = PBXFileReference; explicitFileType = undefined; fileEncoding = 9; includeInIndex = 0; lastKnownFileType = unknown; name = "NotoSansDevanagari-Light.ttf"; path = "../src/Assets/Fonts/Noto_Sans_Devanagari/static/NotoSansDevanagari-Light.ttf"; sourceTree = "<group>"; };
		2EED3FD904D845E38926E272 /* NotoSansDevanagari_SemiCondensed-ExtraBold.ttf */ = {isa = PBXFileReference; explicitFileType = undefined; fileEncoding = 9; includeInIndex = 0; lastKnownFileType = unknown; name = "NotoSansDevanagari_SemiCondensed-ExtraBold.ttf"; path = "../src/Assets/Fonts/Noto_Sans_Devanagari/static/NotoSansDevanagari_SemiCondensed-ExtraBold.ttf"; sourceTree = "<group>"; };
		317804B7F9E4411FAE7429F8 /* NotoSansDevanagari_SemiCondensed-Regular.ttf */ = {isa = PBXFileReference; explicitFileType = undefined; fileEncoding = 9; includeInIndex = 0; lastKnownFileType = unknown; name = "NotoSansDevanagari_SemiCondensed-Regular.ttf"; path = "../src/Assets/Fonts/Noto_Sans_Devanagari/static/NotoSansDevanagari_SemiCondensed-Regular.ttf"; sourceTree = "<group>"; };
		3643E8D897B54D7EB2FBBE31 /* README.txt */ = {isa = PBXFileReference; explicitFileType = undefined; fileEncoding = 9; includeInIndex = 0; lastKnownFileType = unknown; name = README.txt; path = ../src/Assets/Fonts/Noto_Sans_Devanagari/README.txt; sourceTree = "<group>"; };
		3B4392A12AC88292D35C810B /* Pods-tourkokan.debug.xcconfig */ = {isa = PBXFileReference; includeInIndex = 1; lastKnownFileType = text.xcconfig; name = "Pods-tourkokan.debug.xcconfig"; path = "Target Support Files/Pods-tourkokan/Pods-tourkokan.debug.xcconfig"; sourceTree = "<group>"; };
		496D61FA4D284761BDDC881E /* NotoSansDevanagari_Condensed-Light.ttf */ = {isa = PBXFileReference; explicitFileType = undefined; fileEncoding = 9; includeInIndex = 0; lastKnownFileType = unknown; name = "NotoSansDevanagari_Condensed-Light.ttf"; path = "../src/Assets/Fonts/Noto_Sans_Devanagari/static/NotoSansDevanagari_Condensed-Light.ttf"; sourceTree = "<group>"; };
		5709B34CF0A7D63546082F79 /* Pods-tourkokan.release.xcconfig */ = {isa = PBXFileReference; includeInIndex = 1; lastKnownFileType = text.xcconfig; name = "Pods-tourkokan.release.xcconfig"; path = "Target Support Files/Pods-tourkokan/Pods-tourkokan.release.xcconfig"; sourceTree = "<group>"; };
		5DCACB8F33CDC322A6C60F78 /* libPods-tourkokan.a */ = {isa = PBXFileReference; explicitFileType = archive.ar; includeInIndex = 0; path = "libPods-tourkokan.a"; sourceTree = BUILT_PRODUCTS_DIR; };
		5EE9E5DD6A644518BB9F12C5 /* NotoSansDevanagari_Condensed-SemiBold.ttf */ = {isa = PBXFileReference; explicitFileType = undefined; fileEncoding = 9; includeInIndex = 0; lastKnownFileType = unknown; name = "NotoSansDevanagari_Condensed-SemiBold.ttf"; path = "../src/Assets/Fonts/Noto_Sans_Devanagari/static/NotoSansDevanagari_Condensed-SemiBold.ttf"; sourceTree = "<group>"; };
		6D4EC241C4E8474EABA21F99 /* NotoSansDevanagari_SemiCondensed-Bold.ttf */ = {isa = PBXFileReference; explicitFileType = undefined; fileEncoding = 9; includeInIndex = 0; lastKnownFileType = unknown; name = "NotoSansDevanagari_SemiCondensed-Bold.ttf"; path = "../src/Assets/Fonts/Noto_Sans_Devanagari/static/NotoSansDevanagari_SemiCondensed-Bold.ttf"; sourceTree = "<group>"; };
		6F8F65D201124D0B919D5DCF /* NotoSansDevanagari-ExtraLight.ttf */ = {isa = PBXFileReference; explicitFileType = undefined; fileEncoding = 9; includeInIndex = 0; lastKnownFileType = unknown; name = "NotoSansDevanagari-ExtraLight.ttf"; path = "../src/Assets/Fonts/Noto_Sans_Devanagari/static/NotoSansDevanagari-ExtraLight.ttf"; sourceTree = "<group>"; };
		7372FE8A0DD648F185BEACEC /* NotoSansDevanagari-ExtraBold.ttf */ = {isa = PBXFileReference; explicitFileType = undefined; fileEncoding = 9; includeInIndex = 0; lastKnownFileType = unknown; name = "NotoSansDevanagari-ExtraBold.ttf"; path = "../src/Assets/Fonts/Noto_Sans_Devanagari/static/NotoSansDevanagari-ExtraBold.ttf"; sourceTree = "<group>"; };
		74DFE38973324725B5D9B65E /* NotoSansDevanagari_ExtraCondensed-Bold.ttf */ = {isa = PBXFileReference; explicitFileType = undefined; fileEncoding = 9; includeInIndex = 0; lastKnownFileType = unknown; name = "NotoSansDevanagari_ExtraCondensed-Bold.ttf"; path = "../src/Assets/Fonts/Noto_Sans_Devanagari/static/NotoSansDevanagari_ExtraCondensed-Bold.ttf"; sourceTree = "<group>"; };
		761780EC2CA45674006654EE /* AppDelegate.swift */ = {isa = PBXFileReference; lastKnownFileType = sourcecode.swift; name = AppDelegate.swift; path = tourkokan/AppDelegate.swift; sourceTree = "<group>"; };
		81AB9BB72411601600AC10FF /* LaunchScreen.storyboard */ = {isa = PBXFileReference; fileEncoding = 4; lastKnownFileType = file.storyboard; name = LaunchScreen.storyboard; path = tourkokan/LaunchScreen.storyboard; sourceTree = "<group>"; };
		86880938021B4BBF820C4215 /* NotoSansDevanagari_SemiCondensed-Black.ttf */ = {isa = PBXFileReference; explicitFileType = undefined; fileEncoding = 9; includeInIndex = 0; lastKnownFileType = unknown; name = "NotoSansDevanagari_SemiCondensed-Black.ttf"; path = "../src/Assets/Fonts/Noto_Sans_Devanagari/static/NotoSansDevanagari_SemiCondensed-Black.ttf"; sourceTree = "<group>"; };
		8AC988A96A194E83BC2E3CDE /* Pacifico-Regular.ttf */ = {isa = PBXFileReference; explicitFileType = undefined; fileEncoding = 9; includeInIndex = 0; lastKnownFileType = unknown; name = "Pacifico-Regular.ttf"; path = "../src/Assets/Fonts/Pacifico-Regular.ttf"; sourceTree = "<group>"; };
		91F751803A714168BF61F94E /* NotoSansDevanagari-SemiBold.ttf */ = {isa = PBXFileReference; explicitFileType = undefined; fileEncoding = 9; includeInIndex = 0; lastKnownFileType = unknown; name = "NotoSansDevanagari-SemiBold.ttf"; path = "../src/Assets/Fonts/Noto_Sans_Devanagari/static/NotoSansDevanagari-SemiBold.ttf"; sourceTree = "<group>"; };
		93108F19109746BC87BC32BC /* NotoSansDevanagari_Condensed-ExtraBold.ttf */ = {isa = PBXFileReference; explicitFileType = undefined; fileEncoding = 9; includeInIndex = 0; lastKnownFileType = unknown; name = "NotoSansDevanagari_Condensed-ExtraBold.ttf"; path = "../src/Assets/Fonts/Noto_Sans_Devanagari/static/NotoSansDevanagari_Condensed-ExtraBold.ttf"; sourceTree = "<group>"; };
		94077F69669947A895A8B1F3 /* NotoSansDevanagari_Condensed-Regular.ttf */ = {isa = PBXFileReference; explicitFileType = undefined; fileEncoding = 9; includeInIndex = 0; lastKnownFileType = unknown; name = "NotoSansDevanagari_Condensed-Regular.ttf"; path = "../src/Assets/Fonts/Noto_Sans_Devanagari/static/NotoSansDevanagari_Condensed-Regular.ttf"; sourceTree = "<group>"; };
		9768E1F99D5FCA822BCCE154 /* GoogleService-Info.plist */ = {isa = PBXFileReference; includeInIndex = 1; lastKnownFileType = text.plist.xml; path = "tourkokan/GoogleService-Info.plist"; sourceTree = SOURCE_ROOT; };
		9FF7E8C88D524A5092FB24D4 /* NotoSansDevanagari_Condensed-Medium.ttf */ = {isa = PBXFileReference; explicitFileType = undefined; fileEncoding = 9; includeInIndex = 0; lastKnownFileType = unknown; name = "NotoSansDevanagari_Condensed-Medium.ttf"; path = "../src/Assets/Fonts/Noto_Sans_Devanagari/static/NotoSansDevanagari_Condensed-Medium.ttf"; sourceTree = "<group>"; };
		A14BCD0B56424EAB8A98C5A9 /* NotoSansDevanagari_SemiCondensed-Thin.ttf */ = {isa = PBXFileReference; explicitFileType = undefined; fileEncoding = 9; includeInIndex = 0; lastKnownFileType = unknown; name = "NotoSansDevanagari_SemiCondensed-Thin.ttf"; path = "../src/Assets/Fonts/Noto_Sans_Devanagari/static/NotoSansDevanagari_SemiCondensed-Thin.ttf"; sourceTree = "<group>"; };
		AD6FD6D2FCD84C2FA3AC6CE2 /* NotoSansDevanagari_ExtraCondensed-Black.ttf */ = {isa = PBXFileReference; explicitFileType = undefined; fileEncoding = 9; includeInIndex = 0; lastKnownFileType = unknown; name = "NotoSansDevanagari_ExtraCondensed-Black.ttf"; path = "../src/Assets/Fonts/Noto_Sans_Devanagari/static/NotoSansDevanagari_ExtraCondensed-Black.ttf"; sourceTree = "<group>"; };
		B3DF0C9A87B84991A9A0EB8C /* NotoSansDevanagari_ExtraCondensed-Thin.ttf */ = {isa = PBXFileReference; explicitFileType = undefined; fileEncoding = 9; includeInIndex = 0; lastKnownFileType = unknown; name = "NotoSansDevanagari_ExtraCondensed-Thin.ttf"; path = "../src/Assets/Fonts/Noto_Sans_Devanagari/static/NotoSansDevanagari_ExtraCondensed-Thin.ttf"; sourceTree = "<group>"; };
		B51B6197ECFC4E8582B8AA72 /* NotoSansDevanagari_ExtraCondensed-ExtraLight.ttf */ = {isa = PBXFileReference; explicitFileType = undefined; fileEncoding = 9; includeInIndex = 0; lastKnownFileType = unknown; name = "NotoSansDevanagari_ExtraCondensed-ExtraLight.ttf"; path = "../src/Assets/Fonts/Noto_Sans_Devanagari/static/NotoSansDevanagari_ExtraCondensed-ExtraLight.ttf"; sourceTree = "<group>"; };
		B78821599AD04A71B30F6B7D /* NotoSansDevanagari_Condensed-Bold.ttf */ = {isa = PBXFileReference; explicitFileType = undefined; fileEncoding = 9; includeInIndex = 0; lastKnownFileType = unknown; name = "NotoSansDevanagari_Condensed-Bold.ttf"; path = "../src/Assets/Fonts/Noto_Sans_Devanagari/static/NotoSansDevanagari_Condensed-Bold.ttf"; sourceTree = "<group>"; };
		D163D1738D804BC2A39E5FAE /* NotoSansDevanagari_ExtraCondensed-Medium.ttf */ = {isa = PBXFileReference; explicitFileType = undefined; fileEncoding = 9; includeInIndex = 0; lastKnownFileType = unknown; name = "NotoSansDevanagari_ExtraCondensed-Medium.ttf"; path = "../src/Assets/Fonts/Noto_Sans_Devanagari/static/NotoSansDevanagari_ExtraCondensed-Medium.ttf"; sourceTree = "<group>"; };
		D3761AEE0E6846F4AEB5A3DA /* NotoSansDevanagari-Medium.ttf */ = {isa = PBXFileReference; explicitFileType = undefined; fileEncoding = 9; includeInIndex = 0; lastKnownFileType = unknown; name = "NotoSansDevanagari-Medium.ttf"; path = "../src/Assets/Fonts/Noto_Sans_Devanagari/static/NotoSansDevanagari-Medium.ttf"; sourceTree = "<group>"; };
		D37F8D5580184ECC9EBF85FC /* NotoSansDevanagari_ExtraCondensed-Regular.ttf */ = {isa = PBXFileReference; explicitFileType = undefined; fileEncoding = 9; includeInIndex = 0; lastKnownFileType = unknown; name = "NotoSansDevanagari_ExtraCondensed-Regular.ttf"; path = "../src/Assets/Fonts/Noto_Sans_Devanagari/static/NotoSansDevanagari_ExtraCondensed-Regular.ttf"; sourceTree = "<group>"; };
		D7BED75D49914E1497BFC681 /* NotoSansDevanagari_ExtraCondensed-Light.ttf */ = {isa = PBXFileReference; explicitFileType = undefined; fileEncoding = 9; includeInIndex = 0; lastKnownFileType = unknown; name = "NotoSansDevanagari_ExtraCondensed-Light.ttf"; path = "../src/Assets/Fonts/Noto_Sans_Devanagari/static/NotoSansDevanagari_ExtraCondensed-Light.ttf"; sourceTree = "<group>"; };
		DA1EE438CD5F4B44A68EECC6 /* NotoSansDevanagari_ExtraCondensed-SemiBold.ttf */ = {isa = PBXFileReference; explicitFileType = undefined; fileEncoding = 9; includeInIndex = 0; lastKnownFileType = unknown; name = "NotoSansDevanagari_ExtraCondensed-SemiBold.ttf"; path = "../src/Assets/Fonts/Noto_Sans_Devanagari/static/NotoSansDevanagari_ExtraCondensed-SemiBold.ttf"; sourceTree = "<group>"; };
		DA58D76B66D944CFA93A8E38 /* NotoSansDevanagari-VariableFont_wdth,wght.ttf */ = {isa = PBXFileReference; explicitFileType = undefined; fileEncoding = 9; includeInIndex = 0; lastKnownFileType = unknown; name = "NotoSansDevanagari-VariableFont_wdth,wght.ttf"; path = "../src/Assets/Fonts/Noto_Sans_Devanagari/NotoSansDevanagari-VariableFont_wdth,wght.ttf"; sourceTree = "<group>"; };
		DAC22DEE3D204A76A3FB015C /* OFL.txt */ = {isa = PBXFileReference; explicitFileType = undefined; fileEncoding = 9; includeInIndex = 0; lastKnownFileType = unknown; name = OFL.txt; path = ../src/Assets/Fonts/Noto_Sans_Devanagari/OFL.txt; sourceTree = "<group>"; };
		DF06471821F94B1FB233F4E9 /* NotoSansDevanagari_SemiCondensed-ExtraLight.ttf */ = {isa = PBXFileReference; explicitFileType = undefined; fileEncoding = 9; includeInIndex = 0; lastKnownFileType = unknown; name = "NotoSansDevanagari_SemiCondensed-ExtraLight.ttf"; path = "../src/Assets/Fonts/Noto_Sans_Devanagari/static/NotoSansDevanagari_SemiCondensed-ExtraLight.ttf"; sourceTree = "<group>"; };
		DF67FC3DFEC84552BDCC0C7D /* NotoSansDevanagari-Thin.ttf */ = {isa = PBXFileReference; explicitFileType = undefined; fileEncoding = 9; includeInIndex = 0; lastKnownFileType = unknown; name = "NotoSansDevanagari-Thin.ttf"; path = "../src/Assets/Fonts/Noto_Sans_Devanagari/static/NotoSansDevanagari-Thin.ttf"; sourceTree = "<group>"; };
		ED297162215061F000B7C4FE /* JavaScriptCore.framework */ = {isa = PBXFileReference; lastKnownFileType = wrapper.framework; name = JavaScriptCore.framework; path = System/Library/Frameworks/JavaScriptCore.framework; sourceTree = SDKROOT; };
		EF1728C645D6415787C95C29 /* NotoSansDevanagari_Condensed-Black.ttf */ = {isa = PBXFileReference; explicitFileType = undefined; fileEncoding = 9; includeInIndex = 0; lastKnownFileType = unknown; name = "NotoSansDevanagari_Condensed-Black.ttf"; path = "../src/Assets/Fonts/Noto_Sans_Devanagari/static/NotoSansDevanagari_Condensed-Black.ttf"; sourceTree = "<group>"; };
		F203C3D205FA477D83012110 /* NotoSansDevanagari_Condensed-ExtraLight.ttf */ = {isa = PBXFileReference; explicitFileType = undefined; fileEncoding = 9; includeInIndex = 0; lastKnownFileType = unknown; name = "NotoSansDevanagari_Condensed-ExtraLight.ttf"; path = "../src/Assets/Fonts/Noto_Sans_Devanagari/static/NotoSansDevanagari_Condensed-ExtraLight.ttf"; sourceTree = "<group>"; };
		F6A966F4D73645878D3BCAAE /* NotoSansDevanagari_Condensed-Thin.ttf */ = {isa = PBXFileReference; explicitFileType = undefined; fileEncoding = 9; includeInIndex = 0; lastKnownFileType = unknown; name = "NotoSansDevanagari_Condensed-Thin.ttf"; path = "../src/Assets/Fonts/Noto_Sans_Devanagari/static/NotoSansDevanagari_Condensed-Thin.ttf"; sourceTree = "<group>"; };
		F975E6A9253D402197A03E96 /* NotoSansDevanagari_SemiCondensed-SemiBold.ttf */ = {isa = PBXFileReference; explicitFileType = undefined; fileEncoding = 9; includeInIndex = 0; lastKnownFileType = unknown; name = "NotoSansDevanagari_SemiCondensed-SemiBold.ttf"; path = "../src/Assets/Fonts/Noto_Sans_Devanagari/static/NotoSansDevanagari_SemiCondensed-SemiBold.ttf"; sourceTree = "<group>"; };
/* End PBXFileReference section */

/* Begin PBXFrameworksBuildPhase section */
		13B07F8C1A680F5B00A75B9A /* Frameworks */ = {
			isa = PBXFrameworksBuildPhase;
			buildActionMask = 2147483647;
			files = (
				0C80B921A6F3F58F76C31292 /* libPods-tourkokan.a in Frameworks */,
			);
			runOnlyForDeploymentPostprocessing = 0;
		};
/* End PBXFrameworksBuildPhase section */

/* Begin PBXGroup section */
		13B07FAE1A68108700A75B9A /* tourkokan */ = {
			isa = PBXGroup;
			children = (
				13B07FB51A68108700A75B9A /* Images.xcassets */,
				761780EC2CA45674006654EE /* AppDelegate.swift */,
				13B07FB61A68108700A75B9A /* Info.plist */,
				81AB9BB72411601600AC10FF /* LaunchScreen.storyboard */,
				13B07FB81A68108700A75B9A /* PrivacyInfo.xcprivacy */,
				9768E1F99D5FCA822BCCE154 /* GoogleService-Info.plist */,
			);
			name = tourkokan;
			sourceTree = "<group>";
		};
		2D16E6871FA4F8E400B85C8A /* Frameworks */ = {
			isa = PBXGroup;
			children = (
				ED297162215061F000B7C4FE /* JavaScriptCore.framework */,
				5DCACB8F33CDC322A6C60F78 /* libPods-tourkokan.a */,
			);
			name = Frameworks;
			sourceTree = "<group>";
		};
		832341AE1AAA6A7D00B99B32 /* Libraries */ = {
			isa = PBXGroup;
			children = (
			);
			name = Libraries;
			sourceTree = "<group>";
		};
		83CBB9F61A601CBA00E9B192 = {
			isa = PBXGroup;
			children = (
				13B07FAE1A68108700A75B9A /* tourkokan */,
				832341AE1AAA6A7D00B99B32 /* Libraries */,
				83CBBA001A601CBA00E9B192 /* Products */,
				2D16E6871FA4F8E400B85C8A /* Frameworks */,
				BBD78D7AC51CEA395F1C20DB /* Pods */,
				D03E22866C1449C0945E6319 /* Resources */,
			);
			indentWidth = 2;
			sourceTree = "<group>";
			tabWidth = 2;
			usesTabs = 0;
		};
		83CBBA001A601CBA00E9B192 /* Products */ = {
			isa = PBXGroup;
			children = (
				13B07F961A680F5B00A75B9A /* tourkokan.app */,
			);
			name = Products;
			sourceTree = "<group>";
		};
		BBD78D7AC51CEA395F1C20DB /* Pods */ = {
			isa = PBXGroup;
			children = (
				3B4392A12AC88292D35C810B /* Pods-tourkokan.debug.xcconfig */,
				5709B34CF0A7D63546082F79 /* Pods-tourkokan.release.xcconfig */,
			);
			path = Pods;
			sourceTree = "<group>";
		};
		D03E22866C1449C0945E6319 /* Resources */ = {
			isa = PBXGroup;
			children = (
				B51B6197ECFC4E8582B8AA72 /* NotoSansDevanagari_ExtraCondensed-ExtraLight.ttf */,
				292C249477234472A3971D26 /* NotoSansDevanagari-Light.ttf */,
				D3761AEE0E6846F4AEB5A3DA /* NotoSansDevanagari-Medium.ttf */,
				D37F8D5580184ECC9EBF85FC /* NotoSansDevanagari_ExtraCondensed-Regular.ttf */,
				91F751803A714168BF61F94E /* NotoSansDevanagari-SemiBold.ttf */,
				F975E6A9253D402197A03E96 /* NotoSansDevanagari_SemiCondensed-SemiBold.ttf */,
				D7BED75D49914E1497BFC681 /* NotoSansDevanagari_ExtraCondensed-Light.ttf */,
				DA1EE438CD5F4B44A68EECC6 /* NotoSansDevanagari_ExtraCondensed-SemiBold.ttf */,
				0C22E6041CB748C7AA604CB4 /* NotoSansDevanagari-Bold.ttf */,
				EF1728C645D6415787C95C29 /* NotoSansDevanagari_Condensed-Black.ttf */,
				7372FE8A0DD648F185BEACEC /* NotoSansDevanagari-ExtraBold.ttf */,
				1590181F78974343BF181891 /* NotoSansDevanagari_SemiCondensed-Light.ttf */,
				DF67FC3DFEC84552BDCC0C7D /* NotoSansDevanagari-Thin.ttf */,
				1FFC85634E9E4894A6753EFC /* NotoSansDevanagari_SemiCondensed-Medium.ttf */,
				93108F19109746BC87BC32BC /* NotoSansDevanagari_Condensed-ExtraBold.ttf */,
				F203C3D205FA477D83012110 /* NotoSansDevanagari_Condensed-ExtraLight.ttf */,
				2EED3FD904D845E38926E272 /* NotoSansDevanagari_SemiCondensed-ExtraBold.ttf */,
				DF06471821F94B1FB233F4E9 /* NotoSansDevanagari_SemiCondensed-ExtraLight.ttf */,
				B3DF0C9A87B84991A9A0EB8C /* NotoSansDevanagari_ExtraCondensed-Thin.ttf */,
				86880938021B4BBF820C4215 /* NotoSansDevanagari_SemiCondensed-Black.ttf */,
				F6A966F4D73645878D3BCAAE /* NotoSansDevanagari_Condensed-Thin.ttf */,
				AD6FD6D2FCD84C2FA3AC6CE2 /* NotoSansDevanagari_ExtraCondensed-Black.ttf */,
				B78821599AD04A71B30F6B7D /* NotoSansDevanagari_Condensed-Bold.ttf */,
				94077F69669947A895A8B1F3 /* NotoSansDevanagari_Condensed-Regular.ttf */,
				74DFE38973324725B5D9B65E /* NotoSansDevanagari_ExtraCondensed-Bold.ttf */,
				05E16A54EC594F7D8A7DA4A3 /* NotoSansDevanagari_ExtraCondensed-ExtraBold.ttf */,
				05FE2576F96948A3A4CF6942 /* NotoSansDevanagari-Regular.ttf */,
				496D61FA4D284761BDDC881E /* NotoSansDevanagari_Condensed-Light.ttf */,
				A14BCD0B56424EAB8A98C5A9 /* NotoSansDevanagari_SemiCondensed-Thin.ttf */,
				6F8F65D201124D0B919D5DCF /* NotoSansDevanagari-ExtraLight.ttf */,
				6D4EC241C4E8474EABA21F99 /* NotoSansDevanagari_SemiCondensed-Bold.ttf */,
				9FF7E8C88D524A5092FB24D4 /* NotoSansDevanagari_Condensed-Medium.ttf */,
				083B10273FEB4C08A8082E1F /* NotoSansDevanagari-Black.ttf */,
				317804B7F9E4411FAE7429F8 /* NotoSansDevanagari_SemiCondensed-Regular.ttf */,
				5EE9E5DD6A644518BB9F12C5 /* NotoSansDevanagari_Condensed-SemiBold.ttf */,
				D163D1738D804BC2A39E5FAE /* NotoSansDevanagari_ExtraCondensed-Medium.ttf */,
				DA58D76B66D944CFA93A8E38 /* NotoSansDevanagari-VariableFont_wdth,wght.ttf */,
				8AC988A96A194E83BC2E3CDE /* Pacifico-Regular.ttf */,
				DAC22DEE3D204A76A3FB015C /* OFL.txt */,
				3643E8D897B54D7EB2FBBE31 /* README.txt */,
			);
			name = Resources;
			sourceTree = "<group>";
		};
/* End PBXGroup section */

/* Begin PBXNativeTarget section */
		13B07F861A680F5B00A75B9A /* tourkokan */ = {
			isa = PBXNativeTarget;
			buildConfigurationList = 13B07F931A680F5B00A75B9A /* Build configuration list for PBXNativeTarget "tourkokan" */;
			buildPhases = (
				C38B50BA6285516D6DCD4F65 /* [CP] Check Pods Manifest.lock */,
				13B07F871A680F5B00A75B9A /* Sources */,
				13B07F8C1A680F5B00A75B9A /* Frameworks */,
				13B07F8E1A680F5B00A75B9A /* Resources */,
				00DD1BFF1BD5951E006B06BC /* Bundle React Native code and images */,
				00EEFC60759A1932668264C0 /* [CP] Embed Pods Frameworks */,
				E235C05ADACE081382539298 /* [CP] Copy Pods Resources */,
				A57C3D77A39784A06BA287DD /* [CP-User] [RNFB] Core Configuration */,
			);
			buildRules = (
			);
			dependencies = (
			);
			name = tourkokan;
			productName = tourkokan;
			productReference = 13B07F961A680F5B00A75B9A /* tourkokan.app */;
			productType = "com.apple.product-type.application";
		};
/* End PBXNativeTarget section */

/* Begin PBXProject section */
		83CBB9F71A601CBA00E9B192 /* Project object */ = {
			isa = PBXProject;
			attributes = {
				BuildIndependentTargetsInParallel = YES;
				LastUpgradeCheck = 2640;
				TargetAttributes = {
					13B07F861A680F5B00A75B9A = {
						LastSwiftMigration = 1120;
					};
				};
			};
			buildConfigurationList = 83CBB9FA1A601CBA00E9B192 /* Build configuration list for PBXProject "tourkokan" */;
			compatibilityVersion = "Xcode 12.0";
			developmentRegion = en;
			hasScannedForEncodings = 0;
			knownRegions = (
				en,
				Base,
			);
			mainGroup = 83CBB9F61A601CBA00E9B192;
			productRefGroup = 83CBBA001A601CBA00E9B192 /* Products */;
			projectDirPath = "";
			projectRoot = "";
			targets = (
				13B07F861A680F5B00A75B9A /* tourkokan */,
			);
		};
/* End PBXProject section */

/* Begin PBXResourcesBuildPhase section */
		13B07F8E1A680F5B00A75B9A /* Resources */ = {
			isa = PBXResourcesBuildPhase;
			buildActionMask = 2147483647;
			files = (
				81AB9BB82411601600AC10FF /* LaunchScreen.storyboard in Resources */,
				13B07FBF1A68108700A75B9A /* Images.xcassets in Resources */,
				F73E351BEAC54090835D433E /* NotoSansDevanagari_ExtraCondensed-ExtraLight.ttf in Resources */,
				BC5052C7035C43B18D0FAEEC /* NotoSansDevanagari-Light.ttf in Resources */,
				AF91357FF14F41959BB1A0BE /* NotoSansDevanagari-Medium.ttf in Resources */,
				DB2258DB30EF4F73A5D4ECD9 /* NotoSansDevanagari_ExtraCondensed-Regular.ttf in Resources */,
				670204F42962456080457065 /* NotoSansDevanagari-SemiBold.ttf in Resources */,
				F1A509E2865E437393D6ED84 /* NotoSansDevanagari_SemiCondensed-SemiBold.ttf in Resources */,
				0CEC2105669E44808B97E2EC /* NotoSansDevanagari_ExtraCondensed-Light.ttf in Resources */,
				D0F15AE5897B4358927E4D67 /* NotoSansDevanagari_ExtraCondensed-SemiBold.ttf in Resources */,
				5AB50C6E66914AD781ABE210 /* NotoSansDevanagari-Bold.ttf in Resources */,
				D3084C68A57C4805BBC1B391 /* NotoSansDevanagari_Condensed-Black.ttf in Resources */,
				65DC0939BF3145D3B1FD61E6 /* NotoSansDevanagari-ExtraBold.ttf in Resources */,
				47CEFA54171848AC97D27B06 /* NotoSansDevanagari_SemiCondensed-Light.ttf in Resources */,
				B4A4BB6B1D6247E386501943 /* NotoSansDevanagari-Thin.ttf in Resources */,
				4B9407F27FF84893A41C2BDE /* NotoSansDevanagari_SemiCondensed-Medium.ttf in Resources */,
				0648E9D398954632B92AD825 /* NotoSansDevanagari_Condensed-ExtraBold.ttf in Resources */,
				45BF664C363846DAAE87DBB9 /* NotoSansDevanagari_Condensed-ExtraLight.ttf in Resources */,
				7DF4EEC7C9BA47178CE4D90D /* NotoSansDevanagari_SemiCondensed-ExtraBold.ttf in Resources */,
				383844BC2D694F34A6F8048C /* NotoSansDevanagari_SemiCondensed-ExtraLight.ttf in Resources */,
				99A55D2AFB9C4F14A55D5A7A /* NotoSansDevanagari_ExtraCondensed-Thin.ttf in Resources */,
				30FE5E2B7D05452C9B3DCF53 /* NotoSansDevanagari_SemiCondensed-Black.ttf in Resources */,
				09A2B0771AD34E5C9C80D8C4 /* NotoSansDevanagari_Condensed-Thin.ttf in Resources */,
				3B7BCCE42178463FB08FACCB /* NotoSansDevanagari_ExtraCondensed-Black.ttf in Resources */,
				74EE870265F34FECB822E5CC /* NotoSansDevanagari_Condensed-Bold.ttf in Resources */,
				B927B6DEEE8B47859EAF7501 /* NotoSansDevanagari_Condensed-Regular.ttf in Resources */,
				FFD613E0556D41BD92486AAB /* NotoSansDevanagari_ExtraCondensed-Bold.ttf in Resources */,
				BB4B10D84FBA423298F6B134 /* NotoSansDevanagari_ExtraCondensed-ExtraBold.ttf in Resources */,
				DCC8C3CDB019447CBEE47320 /* NotoSansDevanagari-Regular.ttf in Resources */,
				EF0CEE1CD6E448219785D0A3 /* NotoSansDevanagari_Condensed-Light.ttf in Resources */,
				D718CDA887C647F38C15559E /* NotoSansDevanagari_SemiCondensed-Thin.ttf in Resources */,
				1A72E9B9194F4555B31494A2 /* NotoSansDevanagari-ExtraLight.ttf in Resources */,
				9498F17FEE934D0CA3D8935E /* NotoSansDevanagari_SemiCondensed-Bold.ttf in Resources */,
				FB1F6B8599A5439DADE0C6AE /* NotoSansDevanagari_Condensed-Medium.ttf in Resources */,
				0E0DBC40A75B43769CC86A0D /* NotoSansDevanagari-Black.ttf in Resources */,
				D5E1FABE99B7474BA116ACDC /* NotoSansDevanagari_SemiCondensed-Regular.ttf in Resources */,
				D78FA82A9FC045399B9B81BD /* NotoSansDevanagari_Condensed-SemiBold.ttf in Resources */,
				F52003759454444B9378A983 /* NotoSansDevanagari_ExtraCondensed-Medium.ttf in Resources */,
				53B68638C9094D7FB4C2D492 /* NotoSansDevanagari-VariableFont_wdth,wght.ttf in Resources */,
				E7BD1DC7973F45509C499417 /* Pacifico-Regular.ttf in Resources */,
				EF4426B8513044B28E4A1085 /* OFL.txt in Resources */,
				7EE0D952A569410C886AFF7C /* README.txt in Resources */,
				17AC2F15A19D7ED247E79710 /* PrivacyInfo.xcprivacy in Resources */,
				5B3F0BCEAD69236EE75FC49F /* GoogleService-Info.plist in Resources */,
			);
			runOnlyForDeploymentPostprocessing = 0;
		};
/* End PBXResourcesBuildPhase section */

/* Begin PBXShellScriptBuildPhase section */
		00DD1BFF1BD5951E006B06BC /* Bundle React Native code and images */ = {
			isa = PBXShellScriptBuildPhase;
			buildActionMask = 2147483647;
			files = (
			);
			inputPaths = (
				"$(SRCROOT)/.xcode.env.local",
				"$(SRCROOT)/.xcode.env",
			);
			name = "Bundle React Native code and images";
			outputPaths = (
			);
			runOnlyForDeploymentPostprocessing = 0;
			shellPath = /bin/sh;
			shellScript = "set -e\n\nWITH_ENVIRONMENT=\"$REACT_NATIVE_PATH/scripts/xcode/with-environment.sh\"\nREACT_NATIVE_XCODE=\"$REACT_NATIVE_PATH/scripts/react-native-xcode.sh\"\n\n/bin/sh -c \"$WITH_ENVIRONMENT $REACT_NATIVE_XCODE\"\n";
		};
		00EEFC60759A1932668264C0 /* [CP] Embed Pods Frameworks */ = {
			isa = PBXShellScriptBuildPhase;
			buildActionMask = 2147483647;
			files = (
			);
			inputFileListPaths = (
				"${PODS_ROOT}/Target Support Files/Pods-tourkokan/Pods-tourkokan-frameworks-${CONFIGURATION}-input-files.xcfilelist",
			);
			name = "[CP] Embed Pods Frameworks";
			outputFileListPaths = (
				"${PODS_ROOT}/Target Support Files/Pods-tourkokan/Pods-tourkokan-frameworks-${CONFIGURATION}-output-files.xcfilelist",
			);
			runOnlyForDeploymentPostprocessing = 0;
			shellPath = /bin/sh;
			shellScript = "\"${PODS_ROOT}/Target Support Files/Pods-tourkokan/Pods-tourkokan-frameworks.sh\"\n";
			showEnvVarsInLog = 0;
		};
		A57C3D77A39784A06BA287DD /* [CP-User] [RNFB] Core Configuration */ = {
			isa = PBXShellScriptBuildPhase;
			buildActionMask = 2147483647;
			files = (
			);
			inputPaths = (
				"$(BUILT_PRODUCTS_DIR)/$(INFOPLIST_PATH)",
			);
			name = "[CP-User] [RNFB] Core Configuration";
			runOnlyForDeploymentPostprocessing = 0;
			shellPath = /bin/sh;
			shellScript = "#!/usr/bin/env bash\n#\n# Copyright (c) 2016-present Invertase Limited & Contributors\n#\n# Licensed under the Apache License, Version 2.0 (the \"License\");\n# you may not use this library except in compliance with the License.\n# You may obtain a copy of the License at\n#\n#   http://www.apache.org/licenses/LICENSE-2.0\n#\n# Unless required by applicable law or agreed to in writing, software\n# distributed under the License is distributed on an \"AS IS\" BASIS,\n# WITHOUT WARRANTIES OR CONDITIONS OF ANY KIND, either express or implied.\n# See the License for the specific language governing permissions and\n# limitations under the License.\n#\n\n##########################################################################\n##########################################################################\n#\n#  NOTE THAT IF YOU CHANGE THIS FILE YOU MUST RUN pod install AFTERWARDS\n#\n#  This file is installed as an Xcode build script in the project file\n#  by cocoapods, and you will not see your changes until you pod install\n#\n##########################################################################\n##########################################################################\n\nset -e\n\n_MAX_LOOKUPS=2;\n_SEARCH_RESULT=''\n_RN_ROOT_EXISTS=''\n_CURRENT_LOOKUPS=1\n_JSON_ROOT=\"'react-native'\"\n_JSON_FILE_NAME='firebase.json'\n_JSON_OUTPUT_BASE64='e30=' # { }\n_CURRENT_SEARCH_DIR=${PROJECT_DIR}\n_PLIST_BUDDY=/usr/libexec/PlistBuddy\n_TARGET_PLIST=\"${BUILT_PRODUCTS_DIR}/${INFOPLIST_PATH}\"\n_DSYM_PLIST=\"${DWARF_DSYM_FOLDER_PATH}/${DWARF_DSYM_FILE_NAME}/Contents/Info.plist\"\n\n# plist arrays\n_PLIST_ENTRY_KEYS=()\n_PLIST_ENTRY_TYPES=()\n_PLIST_ENTRY_VALUES=()\n\nfunction setPlistValue {\n  echo \"info:      setting plist entry '$1' of type '$2' in file '$4'\"\n  ${_PLIST_BUDDY} -c \"Add :$1 $2 '$3'\" $4 || echo \"info:      '$1' already exists\"\n}\n\nfunction getFirebaseJsonKeyValue () {\n  if [[ ${_RN_ROOT_EXISTS} ]]; then\n    ruby -Ku -e \"require 'rubygems';require 'json'; output=JSON.parse('$1'); puts output[$_JSON_ROOT]['$2']\"\n  else\n    echo \"\"\n  fi;\n}\n\nfunction jsonBoolToYesNo () {\n  if [[ $1 == \"false\" ]]; then\n    echo \"NO\"\n  elif [[ $1 == \"true\" ]]; then\n    echo \"YES\"\n  else echo \"NO\"\n  fi\n}\n\necho \"info: -> RNFB build script started\"\necho \"info: 1) Locating ${_JSON_FILE_NAME} file:\"\n\nif [[ -z ${_CURRENT_SEARCH_DIR} ]]; then\n  _CURRENT_SEARCH_DIR=$(pwd)\nfi;\n\nwhile true; do\n  _CURRENT_SEARCH_DIR=$(dirname \"$_CURRENT_SEARCH_DIR\")\n  if [[ \"$_CURRENT_SEARCH_DIR\" == \"/\" ]] || [[ ${_CURRENT_LOOKUPS} -gt ${_MAX_LOOKUPS} ]]; then break; fi;\n  echo \"info:      ($_CURRENT_LOOKUPS of $_MAX_LOOKUPS) Searching in '$_CURRENT_SEARCH_DIR' for a ${_JSON_FILE_NAME} file.\"\n  _SEARCH_RESULT=$(find \"$_CURRENT_SEARCH_DIR\" -maxdepth 2 -name ${_JSON_FILE_NAME} -print | /usr/bin/head -n 1)\n  if [[ ${_SEARCH_RESULT} ]]; then\n    echo \"info:      ${_JSON_FILE_NAME} found at $_SEARCH_RESULT\"\n    break;\n  fi;\n  _CURRENT_LOOKUPS=$((_CURRENT_LOOKUPS+1))\ndone\n\nif [[ ${_SEARCH_RESULT} ]]; then\n  _JSON_OUTPUT_RAW=$(cat \"${_SEARCH_RESULT}\")\n  _RN_ROOT_EXISTS=$(ruby -Ku -e \"require 'rubygems';require 'json'; output=JSON.parse('$_JSON_OUTPUT_RAW'); puts output[$_JSON_ROOT]\" || echo '')\n\n  if [[ ${_RN_ROOT_EXISTS} ]]; then\n    if ! python3 --version >/dev/null 2>&1; then echo \"python3 not found, firebase.json file processing error.\" && exit 1; fi\n    _JSON_OUTPUT_BASE64=$(python3 -c 'import json,sys,base64;print(base64.b64encode(bytes(json.dumps(json.loads(open('\"'${_SEARCH_RESULT}'\"', '\"'rb'\"').read())['${_JSON_ROOT}']), '\"'utf-8'\"')).decode())' || echo \"e30=\")\n  fi\n\n  _PLIST_ENTRY_KEYS+=(\"firebase_json_raw\")\n  _PLIST_ENTRY_TYPES+=(\"string\")\n  _PLIST_ENTRY_VALUES+=(\"$_JSON_OUTPUT_BASE64\")\n\n  # config.app_data_collection_default_enabled\n  _APP_DATA_COLLECTION_ENABLED=$(getFirebaseJsonKeyValue \"$_JSON_OUTPUT_RAW\" \"app_data_collection_default_enabled\")\n  if [[ $_APP_DATA_COLLECTION_ENABLED ]]; then\n    _PLIST_ENTRY_KEYS+=(\"FirebaseDataCollectionDefaultEnabled\")\n    _PLIST_ENTRY_TYPES+=(\"bool\")\n    _PLIST_ENTRY_VALUES+=(\"$(jsonBoolToYesNo \"$_APP_DATA_COLLECTION_ENABLED\")\")\n  fi\n\n  # config.analytics_auto_collection_enabled\n  _ANALYTICS_AUTO_COLLECTION=$(getFirebaseJsonKeyValue \"$_JSON_OUTPUT_RAW\" \"analytics_auto_collection_enabled\")\n  if [[ $_ANALYTICS_AUTO_COLLECTION ]]; then\n    _PLIST_ENTRY_KEYS+=(\"FIREBASE_ANALYTICS_COLLECTION_ENABLED\")\n    _PLIST_ENTRY_TYPES+=(\"bool\")\n    _PLIST_ENTRY_VALUES+=(\"$(jsonBoolToYesNo \"$_ANALYTICS_AUTO_COLLECTION\")\")\n  fi\n\n  # config.analytics_collection_deactivated\n  _ANALYTICS_DEACTIVATED=$(getFirebaseJsonKeyValue \"$_JSON_OUTPUT_RAW\" \"analytics_collection_deactivated\")\n  if [[ $_ANALYTICS_DEACTIVATED ]]; then\n    _PLIST_ENTRY_KEYS+=(\"FIREBASE_ANALYTICS_COLLECTION_DEACTIVATED\")\n    _PLIST_ENTRY_TYPES+=(\"bool\")\n    _PLIST_ENTRY_VALUES+=(\"$(jsonBoolToYesNo \"$_ANALYTICS_DEACTIVATED\")\")\n  fi\n\n  # config.analytics_idfv_collection_enabled\n  _ANALYTICS_IDFV_COLLECTION=$(getFirebaseJsonKeyValue \"$_JSON_OUTPUT_RAW\" \"analytics_idfv_collection_enabled\")\n  if [[ $_ANALYTICS_IDFV_COLLECTION ]]; then\n    _PLIST_ENTRY_KEYS+=(\"GOOGLE_ANALYTICS_IDFV_COLLECTION_ENABLED\")\n    _PLIST_ENTRY_TYPES+=(\"bool\")\n    _PLIST_ENTRY_VALUES+=(\"$(jsonBoolToYesNo \"$_ANALYTICS_IDFV_COLLECTION\")\")\n  fi\n\n  # config.analytics_default_allow_analytics_storage\n  _ANALYTICS_STORAGE=$(getFirebaseJsonKeyValue \"$_JSON_OUTPUT_RAW\" \"analytics_default_allow_analytics_storage\")\n  if [[ $_ANALYTICS_STORAGE ]]; then\n    _PLIST_ENTRY_KEYS+=(\"GOOGLE_ANALYTICS_DEFAULT_ALLOW_ANALYTICS_STORAGE\")\n    _PLIST_ENTRY_TYPES+=(\"bool\")\n    _PLIST_ENTRY_VALUES+=(\"$(jsonBoolToYesNo \"$_ANALYTICS_STORAGE\")\")\n  fi\n\n  # config.analytics_default_allow_ad_storage\n  _ANALYTICS_AD_STORAGE=$(getFirebaseJsonKeyValue \"$_JSON_OUTPUT_RAW\" \"analytics_default_allow_ad_storage\")\n  if [[ $_ANALYTICS_AD_STORAGE ]]; then\n    _PLIST_ENTRY_KEYS+=(\"GOOGLE_ANALYTICS_DEFAULT_ALLOW_AD_STORAGE\")\n    _PLIST_ENTRY_TYPES+=(\"bool\")\n    _PLIST_ENTRY_VALUES+=(\"$(jsonBoolToYesNo \"$_ANALYTICS_AD_STORAGE\")\")\n  fi\n\n  # config.analytics_default_allow_ad_user_data\n  _ANALYTICS_AD_USER_DATA=$(getFirebaseJsonKeyValue \"$_JSON_OUTPUT_RAW\" \"analytics_default_allow_ad_user_data\")\n  if [[ $_ANALYTICS_AD_USER_DATA ]]; then\n    _PLIST_ENTRY_KEYS+=(\"GOOGLE_ANALYTICS_DEFAULT_ALLOW_AD_USER_DATA\")\n    _PLIST_ENTRY_TYPES+=(\"bool\")\n    _PLIST_ENTRY_VALUES+=(\"$(jsonBoolToYesNo \"$_ANALYTICS_AD_USER_DATA\")\")\n  fi\n\n  # config.analytics_default_allow_ad_personalization_signals\n  _ANALYTICS_PERSONALIZATION=$(getFirebaseJsonKeyValue \"$_JSON_OUTPUT_RAW\" \"analytics_default_allow_ad_personalization_signals\")\n  if [[ $_ANALYTICS_PERSONALIZATION ]]; then\n    _PLIST_ENTRY_KEYS+=(\"GOOGLE_ANALYTICS_DEFAULT_ALLOW_AD_PERSONALIZATION_SIGNALS\")\n    _PLIST_ENTRY_TYPES+=(\"bool\")\n    _PLIST_ENTRY_VALUES+=(\"$(jsonBoolToYesNo \"$_ANALYTICS_PERSONALIZATION\")\")\n  fi\n\n  # config.analytics_registration_with_ad_network_enabled\n  _ANALYTICS_REGISTRATION_WITH_AD_NETWORK=$(getFirebaseJsonKeyValue \"$_JSON_OUTPUT_RAW\" \"google_analytics_registration_with_ad_network_enabled\")\n  if [[ $_ANALYTICS_REGISTRATION_WITH_AD_NETWORK ]]; then\n    _PLIST_ENTRY_KEYS+=(\"GOOGLE_ANALYTICS_REGISTRATION_WITH_AD_NETWORK_ENABLED\")\n    _PLIST_ENTRY_TYPES+=(\"bool\")\n    _PLIST_ENTRY_VALUES+=(\"$(jsonBoolToYesNo \"$_ANALYTICS_REGISTRATION_WITH_AD_NETWORK\")\")\n  fi\n\n  # config.google_analytics_automatic_screen_reporting_enabled\n  _ANALYTICS_AUTO_SCREEN_REPORTING=$(getFirebaseJsonKeyValue \"$_JSON_OUTPUT_RAW\" \"google_analytics_automatic_screen_reporting_enabled\")\n  if [[ $_ANALYTICS_AUTO_SCREEN_REPORTING ]]; then\n    _PLIST_ENTRY_KEYS+=(\"FirebaseAutomaticScreenReportingEnabled\")\n    _PLIST_ENTRY_TYPES+=(\"bool\")\n    _PLIST_ENTRY_VALUES+=(\"$(jsonBoolToYesNo \"$_ANALYTICS_AUTO_SCREEN_REPORTING\")\")\n  fi\n\n  # config.perf_auto_collection_enabled\n  _PERF_AUTO_COLLECTION=$(getFirebaseJsonKeyValue \"$_JSON_OUTPUT_RAW\" \"perf_auto_collection_enabled\")\n  if [[ $_PERF_AUTO_COLLECTION ]]; then\n    _PLIST_ENTRY_KEYS+=(\"firebase_performance_collection_enabled\")\n    _PLIST_ENTRY_TYPES+=(\"bool\")\n    _PLIST_ENTRY_VALUES+=(\"$(jsonBoolToYesNo \"$_PERF_AUTO_COLLECTION\")\")\n  fi\n\n  # config.perf_collection_deactivated\n  _PERF_DEACTIVATED=$(getFirebaseJsonKeyValue \"$_JSON_OUTPUT_RAW\" \"perf_collection_deactivated\")\n  if [[ $_PERF_DEACTIVATED ]]; then\n    _PLIST_ENTRY_KEYS+=(\"firebase_performance_collection_deactivated\")\n    _PLIST_ENTRY_TYPES+=(\"bool\")\n    _PLIST_ENTRY_VALUES+=(\"$(jsonBoolToYesNo \"$_PERF_DEACTIVATED\")\")\n  fi\n\n  # config.messaging_auto_init_enabled\n  _MESSAGING_AUTO_INIT=$(getFirebaseJsonKeyValue \"$_JSON_OUTPUT_RAW\" \"messaging_auto_init_enabled\")\n  if [[ $_MESSAGING_AUTO_INIT ]]; then\n    _PLIST_ENTRY_KEYS+=(\"FirebaseMessagingAutoInitEnabled\")\n    _PLIST_ENTRY_TYPES+=(\"bool\")\n    _PLIST_ENTRY_VALUES+=(\"$(jsonBoolToYesNo \"$_MESSAGING_AUTO_INIT\")\")\n  fi\n\n  # config.in_app_messaging_auto_colllection_enabled\n  _FIAM_AUTO_INIT=$(getFirebaseJsonKeyValue \"$_JSON_OUTPUT_RAW\" \"in_app_messaging_auto_collection_enabled\")\n  if [[ $_FIAM_AUTO_INIT ]]; then\n    _PLIST_ENTRY_KEYS+=(\"FirebaseInAppMessagingAutomaticDataCollectionEnabled\")\n    _PLIST_ENTRY_TYPES+=(\"bool\")\n    _PLIST_ENTRY_VALUES+=(\"$(jsonBoolToYesNo \"$_FIAM_AUTO_INIT\")\")\n  fi\n\n  # config.app_check_token_auto_refresh\n  _APP_CHECK_TOKEN_AUTO_REFRESH=$(getFirebaseJsonKeyValue \"$_JSON_OUTPUT_RAW\" \"app_check_token_auto_refresh\")\n  if [[ $_APP_CHECK_TOKEN_AUTO_REFRESH ]]; then\n    _PLIST_ENTRY_KEYS+=(\"FirebaseAppCheckTokenAutoRefreshEnabled\")\n    _PLIST_ENTRY_TYPES+=(\"bool\")\n    _PLIST_ENTRY_VALUES+=(\"$(jsonBoolToYesNo \"$_APP_CHECK_TOKEN_AUTO_REFRESH\")\")\n  fi\n\n  # config.crashlytics_disable_auto_disabler - undocumented for now - mainly for debugging, document if becomes useful\n  _CRASHLYTICS_AUTO_DISABLE_ENABLED=$(getFirebaseJsonKeyValue \"$_JSON_OUTPUT_RAW\" \"crashlytics_disable_auto_disabler\")\n  if [[ $_CRASHLYTICS_AUTO_DISABLE_ENABLED == \"true\" ]]; then\n    echo \"Disabled Crashlytics auto disabler.\" # do nothing\n  else\n    _PLIST_ENTRY_KEYS+=(\"FirebaseCrashlyticsCollectionEnabled\")\n    _PLIST_ENTRY_TYPES+=(\"bool\")\n    _PLIST_ENTRY_VALUES+=(\"NO\")\n  fi\nelse\n  _PLIST_ENTRY_KEYS+=(\"firebase_json_raw\")\n  _PLIST_ENTRY_TYPES+=(\"string\")\n  _PLIST_ENTRY_VALUES+=(\"$_JSON_OUTPUT_BASE64\")\n  echo \"warning:   A firebase.json file was not found, whilst this file is optional it is recommended to include it to configure firebase services in React Native Firebase.\"\nfi;\n\necho \"info: 2) Injecting Info.plist entries: \"\n\n# Log out the keys we're adding\nfor i in \"${!_PLIST_ENTRY_KEYS[@]}\"; do\n  echo \"    ->  $i) ${_PLIST_ENTRY_KEYS[$i]}\" \"${_PLIST_ENTRY_TYPES[$i]}\" \"${_PLIST_ENTRY_VALUES[$i]}\"\ndone\n\nfor plist in \"${_TARGET_PLIST}\" \"${_DSYM_PLIST}\" ; do\n  if [[ -f \"${plist}\" ]]; then\n\n    # paths with spaces break the call to setPlistValue. temporarily modify\n    # the shell internal field separator variable (IFS), which normally\n    # includes spaces, to consist only of line breaks\n    oldifs=$IFS\n    IFS=\"\n\"\n\n    for i in \"${!_PLIST_ENTRY_KEYS[@]}\"; do\n      setPlistValue \"${_PLIST_ENTRY_KEYS[$i]}\" \"${_PLIST_ENTRY_TYPES[$i]}\" \"${_PLIST_ENTRY_VALUES[$i]}\" \"${plist}\"\n    done\n\n    # restore the original internal field separator value\n    IFS=$oldifs\n  else\n    echo \"warning:   A Info.plist build output file was not found (${plist})\"\n  fi\ndone\n\necho \"info: <- RNFB build script finished\"\n";
		};
		C38B50BA6285516D6DCD4F65 /* [CP] Check Pods Manifest.lock */ = {
			isa = PBXShellScriptBuildPhase;
			buildActionMask = 2147483647;
			files = (
			);
			inputFileListPaths = (
			);
			inputPaths = (
				"${PODS_PODFILE_DIR_PATH}/Podfile.lock",
				"${PODS_ROOT}/Manifest.lock",
			);
			name = "[CP] Check Pods Manifest.lock";
			outputFileListPaths = (
			);
			outputPaths = (
				"$(DERIVED_FILE_DIR)/Pods-tourkokan-checkManifestLockResult.txt",
			);
			runOnlyForDeploymentPostprocessing = 0;
			shellPath = /bin/sh;
			shellScript = "diff \"${PODS_PODFILE_DIR_PATH}/Podfile.lock\" \"${PODS_ROOT}/Manifest.lock\" > /dev/null\nif [ $? != 0 ] ; then\n    # print error to STDERR\n    echo \"error: The sandbox is not in sync with the Podfile.lock. Run 'pod install' or update your CocoaPods installation.\" >&2\n    exit 1\nfi\n# This output is used by Xcode 'outputs' to avoid re-running this script phase.\necho \"SUCCESS\" > \"${SCRIPT_OUTPUT_FILE_0}\"\n";
			showEnvVarsInLog = 0;
		};
		E235C05ADACE081382539298 /* [CP] Copy Pods Resources */ = {
			isa = PBXShellScriptBuildPhase;
			buildActionMask = 2147483647;
			files = (
			);
			inputFileListPaths = (
				"${PODS_ROOT}/Target Support Files/Pods-tourkokan/Pods-tourkokan-resources-${CONFIGURATION}-input-files.xcfilelist",
			);
			name = "[CP] Copy Pods Resources";
			outputFileListPaths = (
				"${PODS_ROOT}/Target Support Files/Pods-tourkokan/Pods-tourkokan-resources-${CONFIGURATION}-output-files.xcfilelist",
			);
			runOnlyForDeploymentPostprocessing = 0;
			shellPath = /bin/sh;
			shellScript = "\"${PODS_ROOT}/Target Support Files/Pods-tourkokan/Pods-tourkokan-resources.sh\"\n";
			showEnvVarsInLog = 0;
		};
/* End PBXShellScriptBuildPhase section */

/* Begin PBXSourcesBuildPhase section */
		13B07F871A680F5B00A75B9A /* Sources */ = {
			isa = PBXSourcesBuildPhase;
			buildActionMask = 2147483647;
			files = (
				761780ED2CA45674006654EE /* AppDelegate.swift in Sources */,
			);
			runOnlyForDeploymentPostprocessing = 0;
		};
/* End PBXSourcesBuildPhase section */

/* Begin XCBuildConfiguration section */
		13B07F941A680F5B00A75B9A /* Debug */ = {
			isa = XCBuildConfiguration;
			baseConfigurationReference = 3B4392A12AC88292D35C810B /* Pods-tourkokan.debug.xcconfig */;
			buildSettings = {
				ASSETCATALOG_COMPILER_APPICON_NAME = AppIcon;
				CLANG_ENABLE_MODULES = YES;
				CURRENT_PROJECT_VERSION = 1;
				ENABLE_BITCODE = NO;
				ENABLE_USER_SCRIPT_SANDBOXING = NO;
				INFOPLIST_FILE = tourkokan/Info.plist;
				IPHONEOS_DEPLOYMENT_TARGET = 15.1;
				LD_RUNPATH_SEARCH_PATHS = (
					"$(inherited)",
					"@executable_path/Frameworks",
				);
				MARKETING_VERSION = 1.0;
				OTHER_LDFLAGS = (
					"$(inherited)",
					"-ObjC",
					"-lc++",
				);
				PRODUCT_BUNDLE_IDENTIFIER = com.tourkokan;
				PRODUCT_NAME = tourkokan;
				SWIFT_OPTIMIZATION_LEVEL = "-Onone";
				SWIFT_VERSION = 5.0;
				VERSIONING_SYSTEM = "apple-generic";
			};
			name = Debug;
		};
		13B07F951A680F5B00A75B9A /* Release */ = {
			isa = XCBuildConfiguration;
			baseConfigurationReference = 5709B34CF0A7D63546082F79 /* Pods-tourkokan.release.xcconfig */;
			buildSettings = {
				ASSETCATALOG_COMPILER_APPICON_NAME = AppIcon;
				CLANG_ENABLE_MODULES = YES;
				CURRENT_PROJECT_VERSION = 1;
				ENABLE_USER_SCRIPT_SANDBOXING = NO;
				INFOPLIST_FILE = tourkokan/Info.plist;
				IPHONEOS_DEPLOYMENT_TARGET = 15.1;
				LD_RUNPATH_SEARCH_PATHS = (
					"$(inherited)",
					"@executable_path/Frameworks",
				);
				MARKETING_VERSION = 1.0;
				OTHER_LDFLAGS = (
					"$(inherited)",
					"-ObjC",
					"-lc++",
				);
				PRODUCT_BUNDLE_IDENTIFIER = com.tourkokan;
				PRODUCT_NAME = tourkokan;
				SWIFT_VERSION = 5.0;
				VERSIONING_SYSTEM = "apple-generic";
			};
			name = Release;
		};
		83CBBA201A601CBA00E9B192 /* Debug */ = {
			isa = XCBuildConfiguration;
			buildSettings = {
				ALWAYS_SEARCH_USER_PATHS = NO;
				CLANG_ANALYZER_LOCALIZABILITY_NONLOCALIZED = YES;
				CLANG_CXX_LANGUAGE_STANDARD = "c++20";
				CLANG_CXX_LIBRARY = "libc++";
				CLANG_ENABLE_MODULES = YES;
				CLANG_ENABLE_OBJC_ARC = YES;
				CLANG_WARN_BLOCK_CAPTURE_AUTORELEASING = YES;
				CLANG_WARN_BOOL_CONVERSION = YES;
				CLANG_WARN_COMMA = YES;
				CLANG_WARN_CONSTANT_CONVERSION = YES;
				CLANG_WARN_DEPRECATED_OBJC_IMPLEMENTATIONS = YES;
				CLANG_WARN_DIRECT_OBJC_ISA_USAGE = YES_ERROR;
				CLANG_WARN_EMPTY_BODY = YES;
				CLANG_WARN_ENUM_CONVERSION = YES;
				CLANG_WARN_INFINITE_RECURSION = YES;
				CLANG_WARN_INT_CONVERSION = YES;
				CLANG_WARN_NON_LITERAL_NULL_CONVERSION = YES;
				CLANG_WARN_OBJC_IMPLICIT_RETAIN_SELF = YES;
				CLANG_WARN_OBJC_LITERAL_CONVERSION = YES;
				CLANG_WARN_OBJC_ROOT_CLASS = YES_ERROR;
				CLANG_WARN_QUOTED_INCLUDE_IN_FRAMEWORK_HEADER = YES;
				CLANG_WARN_RANGE_LOOP_ANALYSIS = YES;
				CLANG_WARN_STRICT_PROTOTYPES = YES;
				CLANG_WARN_SUSPICIOUS_MOVE = YES;
				CLANG_WARN_UNREACHABLE_CODE = YES;
				CLANG_WARN__DUPLICATE_METHOD_MATCH = YES;
				"CODE_SIGN_IDENTITY[sdk=iphoneos*]" = "iPhone Developer";
				COPY_PHASE_STRIP = NO;
				DEVELOPMENT_TEAM = SC8DQWY9FN;
				ENABLE_STRICT_OBJC_MSGSEND = YES;
				ENABLE_TESTABILITY = YES;
				ENABLE_USER_SCRIPT_SANDBOXING = YES;
				"EXCLUDED_ARCHS[sdk=iphonesimulator*]" = "";
				GCC_C_LANGUAGE_STANDARD = gnu99;
				GCC_DYNAMIC_NO_PIC = NO;
				GCC_NO_COMMON_BLOCKS = YES;
				GCC_OPTIMIZATION_LEVEL = 0;
				GCC_PREPROCESSOR_DEFINITIONS = (
					"DEBUG=1",
					"$(inherited)",
				);
				GCC_SYMBOLS_PRIVATE_EXTERN = NO;
				GCC_WARN_64_TO_32_BIT_CONVERSION = YES;
				GCC_WARN_ABOUT_RETURN_TYPE = YES_ERROR;
				GCC_WARN_UNDECLARED_SELECTOR = YES;
				GCC_WARN_UNINITIALIZED_AUTOS = YES_AGGRESSIVE;
				GCC_WARN_UNUSED_FUNCTION = YES;
				GCC_WARN_UNUSED_VARIABLE = YES;
				IPHONEOS_DEPLOYMENT_TARGET = 15.1;
				LD_RUNPATH_SEARCH_PATHS = (
					/usr/lib/swift,
					"$(inherited)",
				);
				LIBRARY_SEARCH_PATHS = (
					"\"$(SDKROOT)/usr/lib/swift\"",
					"\"$(TOOLCHAIN_DIR)/usr/lib/swift/$(PLATFORM_NAME)\"",
					"\"$(inherited)\"",
				);
				MTL_ENABLE_DEBUG_INFO = YES;
				ONLY_ACTIVE_ARCH = YES;
				OTHER_CPLUSPLUSFLAGS = (
					"$(OTHER_CFLAGS)",
					"-DFOLLY_NO_CONFIG",
					"-DFOLLY_MOBILE=1",
					"-DFOLLY_USE_LIBCPP=1",
					"-DFOLLY_CFG_NO_COROUTINES=1",
					"-DFOLLY_HAVE_CLOCK_GETTIME=1",
				);
				OTHER_LDFLAGS = (
					"$(inherited)",
					" ",
				);
				REACT_NATIVE_PATH = "${PODS_ROOT}/../../node_modules/react-native";
				SDKROOT = iphoneos;
				STRING_CATALOG_GENERATE_SYMBOLS = YES;
				SWIFT_ACTIVE_COMPILATION_CONDITIONS = "$(inherited) DEBUG";
				USE_HERMES = true;
			};
			name = Debug;
		};
		83CBBA211A601CBA00E9B192 /* Release */ = {
			isa = XCBuildConfiguration;
			buildSettings = {
				ALWAYS_SEARCH_USER_PATHS = NO;
				CLANG_ANALYZER_LOCALIZABILITY_NONLOCALIZED = YES;
				CLANG_CXX_LANGUAGE_STANDARD = "c++20";
				CLANG_CXX_LIBRARY = "libc++";
				CLANG_ENABLE_MODULES = YES;
				CLANG_ENABLE_OBJC_ARC = YES;
				CLANG_WARN_BLOCK_CAPTURE_AUTORELEASING = YES;
				CLANG_WARN_BOOL_CONVERSION = YES;
				CLANG_WARN_COMMA = YES;
				CLANG_WARN_CONSTANT_CONVERSION = YES;
				CLANG_WARN_DEPRECATED_OBJC_IMPLEMENTATIONS = YES;
				CLANG_WARN_DIRECT_OBJC_ISA_USAGE = YES_ERROR;
				CLANG_WARN_EMPTY_BODY = YES;
				CLANG_WARN_ENUM_CONVERSION = YES;
				CLANG_WARN_INFINITE_RECURSION = YES;
				CLANG_WARN_INT_CONVERSION = YES;
				CLANG_WARN_NON_LITERAL_NULL_CONVERSION = YES;
				CLANG_WARN_OBJC_IMPLICIT_RETAIN_SELF = YES;
				CLANG_WARN_OBJC_LITERAL_CONVERSION = YES;
				CLANG_WARN_OBJC_ROOT_CLASS = YES_ERROR;
				CLANG_WARN_QUOTED_INCLUDE_IN_FRAMEWORK_HEADER = YES;
				CLANG_WARN_RANGE_LOOP_ANALYSIS = YES;
				CLANG_WARN_STRICT_PROTOTYPES = YES;
				CLANG_WARN_SUSPICIOUS_MOVE = YES;
				CLANG_WARN_UNREACHABLE_CODE = YES;
				CLANG_WARN__DUPLICATE_METHOD_MATCH = YES;
				"CODE_SIGN_IDENTITY[sdk=iphoneos*]" = "iPhone Developer";
				COPY_PHASE_STRIP = YES;
				DEVELOPMENT_TEAM = SC8DQWY9FN;
				ENABLE_NS_ASSERTIONS = NO;
				ENABLE_STRICT_OBJC_MSGSEND = YES;
				ENABLE_USER_SCRIPT_SANDBOXING = YES;
				"EXCLUDED_ARCHS[sdk=iphonesimulator*]" = "";
				GCC_C_LANGUAGE_STANDARD = gnu99;
				GCC_NO_COMMON_BLOCKS = YES;
				GCC_WARN_64_TO_32_BIT_CONVERSION = YES;
				GCC_WARN_ABOUT_RETURN_TYPE = YES_ERROR;
				GCC_WARN_UNDECLARED_SELECTOR = YES;
				GCC_WARN_UNINITIALIZED_AUTOS = YES_AGGRESSIVE;
				GCC_WARN_UNUSED_FUNCTION = YES;
				GCC_WARN_UNUSED_VARIABLE = YES;
				IPHONEOS_DEPLOYMENT_TARGET = 15.1;
				LD_RUNPATH_SEARCH_PATHS = (
					/usr/lib/swift,
					"$(inherited)",
				);
				LIBRARY_SEARCH_PATHS = (
					"\"$(SDKROOT)/usr/lib/swift\"",
					"\"$(TOOLCHAIN_DIR)/usr/lib/swift/$(PLATFORM_NAME)\"",
					"\"$(inherited)\"",
				);
				MTL_ENABLE_DEBUG_INFO = NO;
				OTHER_CPLUSPLUSFLAGS = (
					"$(OTHER_CFLAGS)",
					"-DFOLLY_NO_CONFIG",
					"-DFOLLY_MOBILE=1",
					"-DFOLLY_USE_LIBCPP=1",
					"-DFOLLY_CFG_NO_COROUTINES=1",
					"-DFOLLY_HAVE_CLOCK_GETTIME=1",
				);
				OTHER_LDFLAGS = (
					"$(inherited)",
					" ",
				);
				REACT_NATIVE_PATH = "${PODS_ROOT}/../../node_modules/react-native";
				SDKROOT = iphoneos;
				STRING_CATALOG_GENERATE_SYMBOLS = YES;
				SWIFT_COMPILATION_MODE = wholemodule;
				USE_HERMES = true;
				VALIDATE_PRODUCT = YES;
			};
			name = Release;
		};
/* End XCBuildConfiguration section */

/* Begin XCConfigurationList section */
		13B07F931A680F5B00A75B9A /* Build configuration list for PBXNativeTarget "tourkokan" */ = {
			isa = XCConfigurationList;
			buildConfigurations = (
				13B07F941A680F5B00A75B9A /* Debug */,
				13B07F951A680F5B00A75B9A /* Release */,
			);
			defaultConfigurationIsVisible = 0;
			defaultConfigurationName = Release;
		};
		83CBB9FA1A601CBA00E9B192 /* Build configuration list for PBXProject "tourkokan" */ = {
			isa = XCConfigurationList;
			buildConfigurations = (
				83CBBA201A601CBA00E9B192 /* Debug */,
				83CBBA211A601CBA00E9B192 /* Release */,
			);
			defaultConfigurationIsVisible = 0;
			defaultConfigurationName = Release;
		};
/* End XCConfigurationList section */
	};
	rootObject = 83CBB9F71A601CBA00E9B192 /* Project object */;
}
